
Microsoft Visual Studio Solution File, Format Version 12.00
# Visual Studio Version 16
VisualStudioVersion = 16.0.29324.140
MinimumVisualStudioVersion = 10.0.40219.1
Project("{FAE04EC0-301F-11D3-BF4B-00C04F79EFBC}") = "WPFDocker", "WPFDocker\WPFDocker.csproj", "{DF5B75C1-799B-45FF-A187-71D4777B08ED}"
EndProject
Global
	GlobalSection(SolutionConfigurationPlatforms) = preSolution
		Debug|Any CPU = Debug|Any CPU
		Release|Any CPU = Release|Any CPU
	EndGlobalSection
	GlobalSection(ProjectConfigurationPlatforms) = postSolution
		{DF5B75C1-799B-45FF-A187-71D4777B08ED}.Debug|Any CPU.ActiveCfg = Debug|Any CPU
		{DF5B75C1-799B-45FF-A187-71D4777B08ED}.Debug|Any CPU.Build.0 = Debug|Any CPU
		{DF5B75C1-799B-45FF-A187-71D4777B08ED}.Release|Any CPU.ActiveCfg = Release|Any CPU
		{DF5B75C1-799B-45FF-A187-71D4777B08ED}.Release|Any CPU.Build.0 = Release|Any CPU
	EndGlobalSection
	GlobalSection(SolutionProperties) = preSolution
		HideSolutionNode = FALSE
	EndGlobalSection
	GlobalSection(ExtensibilityGlobals) = postSolution
		SolutionGuid = {5E5D3C32-449D-47E4-B842-E71F5A40C271}
	EndGlobalSection
EndGlobal
